
Microsoft Visual Studio Solution File, Format Version 12.00
# Visual Studio Version 16
VisualStudioVersion = 16.0.30621.155
MinimumVisualStudioVersion = 10.0.40219.1
Project("{FAE04EC0-301F-11D3-BF4B-00C04F79EFBC}") = "merigurumiblog", "merigurumiblog\merigurumiblog.csproj", "{1D77416C-8E19-435D-A236-88A9E775222C}"
EndProject
Global
	GlobalSection(SolutionConfigurationPlatforms) = preSolution
		Debug|Any CPU = Debug|Any CPU
		Release|Any CPU = Release|Any CPU
	EndGlobalSection
	GlobalSection(ProjectConfigurationPlatforms) = postSolution
		{1D77416C-8E19-435D-A236-88A9E775222C}.Debug|Any CPU.ActiveCfg = Debug|Any CPU
		{1D77416C-8E19-435D-A236-88A9E775222C}.Debug|Any CPU.Build.0 = Debug|Any CPU
		{1D77416C-8E19-435D-A236-88A9E775222C}.Release|Any CPU.ActiveCfg = Release|Any CPU
		{1D77416C-8E19-435D-A236-88A9E775222C}.Release|Any CPU.Build.0 = Release|Any CPU
	EndGlobalSection
	GlobalSection(SolutionProperties) = preSolution
		HideSolutionNode = FALSE
	EndGlobalSection
	GlobalSection(ExtensibilityGlobals) = postSolution
		SolutionGuid = {51117F1B-D056-45A9-A593-0A3E56193CEF}
	EndGlobalSection
EndGlobal
